
Microsoft Visual Studio Solution File, Format Version 12.00
# Visual Studio Version 16
VisualStudioVersion = 16.0.808.6
MinimumVisualStudioVersion = 10.0.40219.1
Project("{FAE04EC0-301F-11D3-BF4B-00C04F79EFBC}") = "Account.Domain", "Account.Domain\Account.Domain.csproj", "{50E8FA9B-AE0E-47B9-BF01-8835FB253770}"
EndProject
Project("{FAE04EC0-301F-11D3-BF4B-00C04F79EFBC}") = "Account.Data", "Account.Data\Account.Data.csproj", "{8CF6AD7C-40BF-4D02-AB9E-BB4198DFF336}"
EndProject
Project("{FAE04EC0-301F-11D3-BF4B-00C04F79EFBC}") = "Account.WebApi", "Account.WebApi\Account.WebApi.csproj", "{3D0A2AE8-C9DD-4C6E-B99E-4B676882EA74}"
EndProject
Project("{FAE04EC0-301F-11D3-BF4B-00C04F79EFBC}") = "Account.Service", "Account.Service\Account.Service.csproj", "{9B2F8ACE-5E2F-4FD4-BE10-90BB0E8BBF1F}"
EndProject
Global
	GlobalSection(SolutionConfigurationPlatforms) = preSolution
		Debug|anycpu = Debug|anycpu
		Release|anycpu = Release|anycpu
	EndGlobalSection
	GlobalSection(ProjectConfigurationPlatforms) = postSolution
		{50E8FA9B-AE0E-47B9-BF01-8835FB253770}.Debug|anycpu.ActiveCfg = Debug|Any CPU
		{50E8FA9B-AE0E-47B9-BF01-8835FB253770}.Debug|anycpu.Build.0 = Debug|Any CPU
		{50E8FA9B-AE0E-47B9-BF01-8835FB253770}.Release|anycpu.ActiveCfg = Release|Any CPU
		{50E8FA9B-AE0E-47B9-BF01-8835FB253770}.Release|anycpu.Build.0 = Release|Any CPU
		{8CF6AD7C-40BF-4D02-AB9E-BB4198DFF336}.Debug|anycpu.ActiveCfg = Debug|Any CPU
		{8CF6AD7C-40BF-4D02-AB9E-BB4198DFF336}.Debug|anycpu.Build.0 = Debug|Any CPU
		{8CF6AD7C-40BF-4D02-AB9E-BB4198DFF336}.Release|anycpu.ActiveCfg = Release|Any CPU
		{8CF6AD7C-40BF-4D02-AB9E-BB4198DFF336}.Release|anycpu.Build.0 = Release|Any CPU
		{3D0A2AE8-C9DD-4C6E-B99E-4B676882EA74}.Debug|anycpu.ActiveCfg = Debug|Any CPU
		{3D0A2AE8-C9DD-4C6E-B99E-4B676882EA74}.Debug|anycpu.Build.0 = Debug|Any CPU
		{3D0A2AE8-C9DD-4C6E-B99E-4B676882EA74}.Release|anycpu.ActiveCfg = Release|Any CPU
		{3D0A2AE8-C9DD-4C6E-B99E-4B676882EA74}.Release|anycpu.Build.0 = Release|Any CPU
		{9B2F8ACE-5E2F-4FD4-BE10-90BB0E8BBF1F}.Debug|anycpu.ActiveCfg = Debug|Any CPU
		{9B2F8ACE-5E2F-4FD4-BE10-90BB0E8BBF1F}.Debug|anycpu.Build.0 = Debug|Any CPU
		{9B2F8ACE-5E2F-4FD4-BE10-90BB0E8BBF1F}.Release|anycpu.ActiveCfg = Release|Any CPU
		{9B2F8ACE-5E2F-4FD4-BE10-90BB0E8BBF1F}.Release|anycpu.Build.0 = Release|Any CPU
	EndGlobalSection
	GlobalSection(SolutionProperties) = preSolution
		HideSolutionNode = FALSE
	EndGlobalSection
	GlobalSection(ExtensibilityGlobals) = postSolution
		SolutionGuid = {151162C5-51C9-4137-9C99-5254A65C343F}
	EndGlobalSection
	GlobalSection(MonoDevelopProperties) = preSolution
		Policies = $0
		$0.DotNetNamingPolicy = $1
		$1.DirectoryNamespaceAssociation = PrefixedHierarchical
		$0.StandardHeader = $2
		$0.VersionControlPolicy = $3
	EndGlobalSection
EndGlobal
